
Microsoft Visual Studio Solution File, Format Version 12.00
# Visual Studio 14
VisualStudioVersion = 14.0.25123.0
MinimumVisualStudioVersion = 10.0.40219.1
Project("{2150E333-8FDC-42A3-9474-1A3956D46DE8}") = "src", "src", "{9AA01A61-03B3-4C86-B76A-32A78C36A992}"
EndProject
Project("{2150E333-8FDC-42A3-9474-1A3956D46DE8}") = "Solution Items", "Solution Items", "{418D6F75-641F-4428-ABE6-693E9E2845C5}"
	ProjectSection(SolutionItems) = preProject
		.gitignore = .gitignore
		Dockerfile = Dockerfile
		global.json = global.json
		NuGet.Config = NuGet.Config
		README.md = README.md
		Settings.StyleCop = Settings.StyleCop
	EndProjectSection
EndProject
Project("{8BB2217D-0F2D-49D1-97BC-3654ED321F3B}") = "VisaExperience.DataAccess", "src\VisaExperience.DataAccess\VisaExperience.DataAccess.xproj", "{2DC38162-3147-44E2-8F3A-21E3DE64FC56}"
EndProject
Project("{8BB2217D-0F2D-49D1-97BC-3654ED321F3B}") = "VisaExperience.Web", "src\VisaExperience.Web\VisaExperience.Web.xproj", "{93A9A47D-92ED-4B66-A7AC-B0CADCF8065D}"
EndProject
Global
	GlobalSection(SolutionConfigurationPlatforms) = preSolution
		Debug|Any CPU = Debug|Any CPU
		Release|Any CPU = Release|Any CPU
	EndGlobalSection
	GlobalSection(ProjectConfigurationPlatforms) = postSolution
		{2DC38162-3147-44E2-8F3A-21E3DE64FC56}.Debug|Any CPU.ActiveCfg = Debug|Any CPU
		{2DC38162-3147-44E2-8F3A-21E3DE64FC56}.Debug|Any CPU.Build.0 = Debug|Any CPU
		{2DC38162-3147-44E2-8F3A-21E3DE64FC56}.Release|Any CPU.ActiveCfg = Release|Any CPU
		{2DC38162-3147-44E2-8F3A-21E3DE64FC56}.Release|Any CPU.Build.0 = Release|Any CPU
		{93A9A47D-92ED-4B66-A7AC-B0CADCF8065D}.Debug|Any CPU.ActiveCfg = Debug|Any CPU
		{93A9A47D-92ED-4B66-A7AC-B0CADCF8065D}.Debug|Any CPU.Build.0 = Debug|Any CPU
		{93A9A47D-92ED-4B66-A7AC-B0CADCF8065D}.Release|Any CPU.ActiveCfg = Release|Any CPU
		{93A9A47D-92ED-4B66-A7AC-B0CADCF8065D}.Release|Any CPU.Build.0 = Release|Any CPU
	EndGlobalSection
	GlobalSection(SolutionProperties) = preSolution
		HideSolutionNode = FALSE
	EndGlobalSection
	GlobalSection(NestedProjects) = preSolution
		{2DC38162-3147-44E2-8F3A-21E3DE64FC56} = {9AA01A61-03B3-4C86-B76A-32A78C36A992}
		{93A9A47D-92ED-4B66-A7AC-B0CADCF8065D} = {9AA01A61-03B3-4C86-B76A-32A78C36A992}
	EndGlobalSection
EndGlobal
